
Microsoft Visual Studio Solution File, Format Version 12.00
# Visual Studio 15
VisualStudioVersion = 15.0.28010.2019
MinimumVisualStudioVersion = 10.0.40219.1
Project("{9A19103F-16F7-4668-BE54-9A1E7A4F7556}") = "AlgorithmsAndDatastructures", "AlgorithmsAndDatastructures\AlgorithmsAndDatastructures.csproj", "{0CF791ED-1977-4207-9B3D-34F6D1DB720D}"
EndProject
Project("{FAE04EC0-301F-11D3-BF4B-00C04F79EFBC}") = "Algorithms.Lib", "Algorithms.Lib\Algorithms.Lib.csproj", "{C78FABB6-7CFB-4B97-92BF-A3D76C022A56}"
EndProject
Global
	GlobalSection(SolutionConfigurationPlatforms) = preSolution
		Debug|Any CPU = Debug|Any CPU
		Release|Any CPU = Release|Any CPU
	EndGlobalSection
	GlobalSection(ProjectConfigurationPlatforms) = postSolution
		{0CF791ED-1977-4207-9B3D-34F6D1DB720D}.Debug|Any CPU.ActiveCfg = Debug|Any CPU
		{0CF791ED-1977-4207-9B3D-34F6D1DB720D}.Debug|Any CPU.Build.0 = Debug|Any CPU
		{0CF791ED-1977-4207-9B3D-34F6D1DB720D}.Release|Any CPU.ActiveCfg = Release|Any CPU
		{0CF791ED-1977-4207-9B3D-34F6D1DB720D}.Release|Any CPU.Build.0 = Release|Any CPU
		{C78FABB6-7CFB-4B97-92BF-A3D76C022A56}.Debug|Any CPU.ActiveCfg = Debug|Any CPU
		{C78FABB6-7CFB-4B97-92BF-A3D76C022A56}.Debug|Any CPU.Build.0 = Debug|Any CPU
		{C78FABB6-7CFB-4B97-92BF-A3D76C022A56}.Release|Any CPU.ActiveCfg = Release|Any CPU
		{C78FABB6-7CFB-4B97-92BF-A3D76C022A56}.Release|Any CPU.Build.0 = Release|Any CPU
	EndGlobalSection
	GlobalSection(SolutionProperties) = preSolution
		HideSolutionNode = FALSE
	EndGlobalSection
	GlobalSection(ExtensibilityGlobals) = postSolution
		SolutionGuid = {12645FF9-0794-4514-8BE4-779A0EE00990}
	EndGlobalSection
EndGlobal
